
Microsoft Visual Studio Solution File, Format Version 12.00
# Visual Studio Version 17
VisualStudioVersion = 17.8.34601.278
MinimumVisualStudioVersion = 10.0.40219.1
Project("{FAE04EC0-301F-11D3-BF4B-00C04F79EFBC}") = "MovieProject1", "MovieProject1.csproj", "{F993B2C8-763F-4119-A862-55C221400ADC}"
EndProject
Global
	GlobalSection(SolutionConfigurationPlatforms) = preSolution
		Debug|Any CPU = Debug|Any CPU
		Release|Any CPU = Release|Any CPU
	EndGlobalSection
	GlobalSection(ProjectConfigurationPlatforms) = postSolution
		{F993B2C8-763F-4119-A862-55C221400ADC}.Debug|Any CPU.ActiveCfg = Debug|Any CPU
		{F993B2C8-763F-4119-A862-55C221400ADC}.Debug|Any CPU.Build.0 = Debug|Any CPU
		{F993B2C8-763F-4119-A862-55C221400ADC}.Release|Any CPU.ActiveCfg = Release|Any CPU
		{F993B2C8-763F-4119-A862-55C221400ADC}.Release|Any CPU.Build.0 = Release|Any CPU
	EndGlobalSection
	GlobalSection(SolutionProperties) = preSolution
		HideSolutionNode = FALSE
	EndGlobalSection
	GlobalSection(ExtensibilityGlobals) = postSolution
		SolutionGuid = {B3086436-3DD0-4F16-AE5A-2C911340C92A}
	EndGlobalSection
EndGlobal
